
Microsoft Visual Studio Solution File, Format Version 12.00
# Visual Studio Version 17
VisualStudioVersion = 17.10.35122.118
MinimumVisualStudioVersion = 10.0.40219.1
Project("{FAE04EC0-301F-11D3-BF4B-00C04F79EFBC}") = "OrdenesInversion", "OrdenesInversion.csproj", "{50FD0643-D6CE-4F67-9913-4604AB3DA69C}"
EndProject
Global
	GlobalSection(SolutionConfigurationPlatforms) = preSolution
		Debug|Any CPU = Debug|Any CPU
		Release|Any CPU = Release|Any CPU
	EndGlobalSection
	GlobalSection(ProjectConfigurationPlatforms) = postSolution
		{50FD0643-D6CE-4F67-9913-4604AB3DA69C}.Debug|Any CPU.ActiveCfg = Debug|Any CPU
		{50FD0643-D6CE-4F67-9913-4604AB3DA69C}.Debug|Any CPU.Build.0 = Debug|Any CPU
		{50FD0643-D6CE-4F67-9913-4604AB3DA69C}.Release|Any CPU.ActiveCfg = Release|Any CPU
		{50FD0643-D6CE-4F67-9913-4604AB3DA69C}.Release|Any CPU.Build.0 = Release|Any CPU
	EndGlobalSection
	GlobalSection(SolutionProperties) = preSolution
		HideSolutionNode = FALSE
	EndGlobalSection
	GlobalSection(ExtensibilityGlobals) = postSolution
		SolutionGuid = {85FF67C7-0A98-4EF5-A5D8-1F3154A8DB8A}
	EndGlobalSection
EndGlobal
